# This file was autogenerated by uv via the following command:
#    uv pip compile --universal --python-version 3.11 -c requirements-dev.lock -o requirements-frontend.lock requirements-frontend.txt
altair==6.3.0
    # via
    #   -c requirements-dev.lock
    #   streamlit
anyio==4.15.1
    # via
    #   -c requirements-dev.lock
    #   starlette
    #   streamlit
attrs==26.1.0
    # via
    #   -c requirements-dev.lock
    #   jsonschema
    #   referencing
certifi==2026.7.22
    # via
    #   -c requirements-dev.lock
    #   requests
charset-normalizer==3.5.1
    # via
    #   -c requirements-dev.lock
    #   requests
click==8.5.0
    # via
    #   -c requirements-dev.lock
    #   streamlit
    #   uvicorn
h11==0.16.0
    # via
    #   -c requirements-dev.lock
    #   uvicorn
httptools==0.8.0
    # via
    #   -c requirements-dev.lock
    #   streamlit
idna==3.19
    # via
    #   -c requirements-dev.lock
    #   anyio
    #   requests
itsdangerous==2.2.0
    # via
    #   -c requirements-dev.lock
    #   streamlit
jinja2==3.1.6
    # via
    #   -c requirements-dev.lock
    #   altair
    #   pydeck
jsonschema==4.26.0
    # via
    #   -c requirements-dev.lock
    #   altair
jsonschema-specifications==2025.9.1
    # via
    #   -c requirements-dev.lock
    #   jsonschema
markupsafe==3.0.3
    # via
    #   -c requirements-dev.lock
    #   jinja2
narwhals==2.26.0
    # via
    #   -c requirements-dev.lock
    #   altair
    #   plotly
numpy==2.4.6 ; python_full_version < '3.12'
    # via
    #   -c requirements-dev.lock
    #   pandas
    #   pydeck
    #   streamlit
numpy==2.5.3 ; python_full_version >= '3.12'
    # via
    #   -c requirements-dev.lock
    #   pandas
    #   pydeck
    #   streamlit
packaging==26.3
    # via
    #   -c requirements-dev.lock
    #   altair
    #   plotly
    #   streamlit
pandas==3.0.5
    # via
    #   -c requirements-dev.lock
    #   -r requirements-frontend.txt
    #   streamlit
pillow==12.3.0
    # via
    #   -c requirements-dev.lock
    #   streamlit
plotly==7.1.0
    # via
    #   -c requirements-dev.lock
    #   -r requirements-frontend.txt
protobuf==7.36.1
    # via
    #   -c requirements-dev.lock
    #   streamlit
pyarrow==25.0.1
    # via
    #   -c requirements-dev.lock
    #   streamlit
pydeck==0.9.3
    # via
    #   -c requirements-dev.lock
    #   streamlit
python-dateutil==2.9.0.post0
    # via
    #   -c requirements-dev.lock
    #   pandas
python-dotenv==1.2.3
    # via
    #   -c requirements-dev.lock
    #   -r requirements-frontend.txt
python-multipart==0.0.32
    # via
    #   -c requirements-dev.lock
    #   streamlit
referencing==0.37.0
    # via
    #   -c requirements-dev.lock
    #   jsonschema
    #   jsonschema-specifications
requests==2.34.2
    # via
    #   -c requirements-dev.lock
    #   -r requirements-frontend.txt
    #   streamlit
rpds-py==2026.6.3
    # via
    #   -c requirements-dev.lock
    #   jsonschema
    #   referencing
six==1.17.0
    # via
    #   -c requirements-dev.lock
    #   python-dateutil
starlette==1.6.0
    # via
    #   -c requirements-dev.lock
    #   streamlit
streamlit==1.64.0
    # via
    #   -c requirements-dev.lock
    #   -r requirements-frontend.txt
toml==0.10.2
    # via
    #   -c requirements-dev.lock
    #   streamlit
typing-extensions==4.16.0
    # via
    #   -c requirements-dev.lock
    #   altair
    #   anyio
    #   referencing
    #   starlette
    #   streamlit
tzdata==2026.4 ; sys_platform == 'emscripten' or sys_platform == 'win32'
    # via
    #   -c requirements-dev.lock
    #   pandas
urllib3==2.8.0
    # via
    #   -c requirements-dev.lock
    #   requests
uvicorn==0.53.0
    # via
    #   -c requirements-dev.lock
    #   streamlit
watchdog==6.0.0 ; sys_platform != 'darwin'
    # via
    #   -c requirements-dev.lock
    #   streamlit
websockets==16.1.1
    # via
    #   -c requirements-dev.lock
    #   streamlit
